{
  "version": 2,
  "dependencies": {
    "net10.0": {
      "ArcForges.Build.Policy": {
        "type": "Direct",
        "requested": "[1.0.0-ci.94.1, )",
        "resolved": "1.0.0-ci.94.1",
        "contentHash": "PCpeEXikk2m87zhMF6L8tbHe2QrI87mO4Nc5lJBenEDhOePwwV4TkArc6IaM1G11Pm8ojVjurLAIoPW22ozb/A=="
      },
      "ArcForges.Contracts.Foundation": {
        "type": "Transitive",
        "resolved": "1.0.0-ci.287.1",
        "contentHash": "Jwe5Z6K57vDsKmcxQFbbwyQZQUQsOkzYH26ogQIRb/biRtaGxLCtOsNg4felCuNTJt9bwRmC6AGx3eJyCoCk/g==",
        "dependencies": {
          "Google.Protobuf": "3.36.1"
        }
      },
      "Google.Protobuf": {
        "type": "Transitive",
        "resolved": "3.36.1",
        "contentHash": "77AqPEoaY1ODE+syYBHti0jXiwQq0J/fUr/fRyYhNlc9oKtH5dZZEr/OLKtdKNVG83PRnCYB2r8B80ZrObzOGQ=="
      },
      "Grpc.Core.Api": {
        "type": "Transitive",
        "resolved": "2.84.0",
        "contentHash": "p2SOMl6q/GZ4/5MLkgboC/z55g4zKUEruRn/g46QgppjQBVnsLZVBU/9VO7n60ll38G3Eo8Zu9b7x+W01GKFVg=="
      },
      "arcforges.web.ui": {
        "type": "Project",
        "dependencies": {
          "ArcForges.Contracts.PublicApi": "[1.0.0-ci.287.1, )"
        }
      },
      "ArcForges.Contracts.PublicApi": {
        "type": "CentralTransitive",
        "requested": "[1.0.0-ci.287.1, )",
        "resolved": "1.0.0-ci.287.1",
        "contentHash": "/chAZbT/NTs4yyQBV5dgh37/dWBTKt3PHCikIidI9T90LheydsJoCWxKHGC6Tjzw0rqA62rYxnQfXGzKhTea5Q==",
        "dependencies": {
          "ArcForges.Contracts.Foundation": "1.0.0-ci.287.1",
          "Google.Protobuf": "3.36.1",
          "Grpc.Core.Api": "2.84.0"
        }
      }
    }
  }
}